
Microsoft Visual Studio Solution File, Format Version 12.00
Project("{FAE04EC0-301F-11D3-BF4B-00C04F79EFBC}") = "TestLibrary", "TestLibrary\TestLibrary.csproj", "{FE685027-1A82-4BCA-B8F0-7554782C97C0}"
EndProject
Global
	GlobalSection(SolutionConfigurationPlatforms) = preSolution
		Debug|Any CPU = Debug|Any CPU
		Release|Any CPU = Release|Any CPU
	EndGlobalSection
	GlobalSection(ProjectConfigurationPlatforms) = postSolution
		{FE685027-1A82-4BCA-B8F0-7554782C97C0}.Debug|Any CPU.ActiveCfg = Debug|Any CPU
		{FE685027-1A82-4BCA-B8F0-7554782C97C0}.Debug|Any CPU.Build.0 = Debug|Any CPU
		{FE685027-1A82-4BCA-B8F0-7554782C97C0}.Release|Any CPU.ActiveCfg = Release|Any CPU
		{FE685027-1A82-4BCA-B8F0-7554782C97C0}.Release|Any CPU.Build.0 = Release|Any CPU
	EndGlobalSection
EndGlobal
