
Microsoft Visual Studio Solution File, Format Version 12.00
# Visual Studio Version 17
VisualStudioVersion = 17.13.35828.75 d17.13
MinimumVisualStudioVersion = 10.0.40219.1
Project("{FAE04EC0-301F-11D3-BF4B-00C04F79EFBC}") = "miapr8", "miapr8\miapr8.csproj", "{071D9396-685C-4D7E-8056-F8D1E02A8D64}"
EndProject
Global
	GlobalSection(SolutionConfigurationPlatforms) = preSolution
		Debug|Any CPU = Debug|Any CPU
		Release|Any CPU = Release|Any CPU
	EndGlobalSection
	GlobalSection(ProjectConfigurationPlatforms) = postSolution
		{071D9396-685C-4D7E-8056-F8D1E02A8D64}.Debug|Any CPU.ActiveCfg = Debug|Any CPU
		{071D9396-685C-4D7E-8056-F8D1E02A8D64}.Debug|Any CPU.Build.0 = Debug|Any CPU
		{071D9396-685C-4D7E-8056-F8D1E02A8D64}.Release|Any CPU.ActiveCfg = Release|Any CPU
		{071D9396-685C-4D7E-8056-F8D1E02A8D64}.Release|Any CPU.Build.0 = Release|Any CPU
	EndGlobalSection
	GlobalSection(SolutionProperties) = preSolution
		HideSolutionNode = FALSE
	EndGlobalSection
	GlobalSection(ExtensibilityGlobals) = postSolution
		SolutionGuid = {B9644638-67BD-4FF1-9837-92EBA7A6B7F0}
	EndGlobalSection
EndGlobal
